
Microsoft Visual Studio Solution File, Format Version 12.00
# Visual Studio 15
VisualStudioVersion = 15.0.27130.2010
MinimumVisualStudioVersion = 10.0.40219.1
Project("{FAE04EC0-301F-11D3-BF4B-00C04F79EFBC}") = "Netflix-SVD", "Exercise1\Netflix-SVD.csproj", "{7844CEC1-AB78-4704-91FA-0CDF359453EF}"
EndProject
Global
	GlobalSection(SolutionConfigurationPlatforms) = preSolution
		Debug|Any CPU = Debug|Any CPU
		Release|Any CPU = Release|Any CPU
	EndGlobalSection
	GlobalSection(ProjectConfigurationPlatforms) = postSolution
		{7844CEC1-AB78-4704-91FA-0CDF359453EF}.Debug|Any CPU.ActiveCfg = Debug|Any CPU
		{7844CEC1-AB78-4704-91FA-0CDF359453EF}.Debug|Any CPU.Build.0 = Debug|Any CPU
		{7844CEC1-AB78-4704-91FA-0CDF359453EF}.Release|Any CPU.ActiveCfg = Release|Any CPU
		{7844CEC1-AB78-4704-91FA-0CDF359453EF}.Release|Any CPU.Build.0 = Release|Any CPU
	EndGlobalSection
	GlobalSection(SolutionProperties) = preSolution
		HideSolutionNode = FALSE
	EndGlobalSection
	GlobalSection(ExtensibilityGlobals) = postSolution
		SolutionGuid = {47884E9E-F1D7-4B09-9CA4-FE9FBB42CD22}
	EndGlobalSection
EndGlobal
